
Microsoft Visual Studio Solution File, Format Version 12.00
# Visual Studio Version 17
VisualStudioVersion = 17.0.31903.59
MinimumVisualStudioVersion = 10.0.40219.1
Project("{FAE04EC0-301F-11D3-BF4B-00C04F79EFBC}") = "xmlssort.Core", "xmlssort.Core\xmlssort.Core.csproj", "{B06504F9-47B7-4333-9FB3-23F57CE753F7}"
EndProject
Project("{FAE04EC0-301F-11D3-BF4B-00C04F79EFBC}") = "xmlssort", "xmlssort\xmlssort.csproj", "{55A36A2B-7D61-4DB8-95F4-C14C04AC2560}"
EndProject
Project("{FAE04EC0-301F-11D3-BF4B-00C04F79EFBC}") = "xmldiff", "xmldiff\xmldiff.csproj", "{DF178C98-7CF6-46EA-B727-D361AD4F3CC7}"
EndProject
Project("{FAE04EC0-301F-11D3-BF4B-00C04F79EFBC}") = "xmlssort.Tests", "xmlssort.Tests\xmlssort.Tests.csproj", "{49AC57B9-B42D-42A2-8518-F715D98D3B62}"
EndProject
Project("{FAE04EC0-301F-11D3-BF4B-00C04F79EFBC}") = "xmlssort.Benchmarks", "xmlssort.Benchmarks\xmlssort.Benchmarks.csproj", "{DE5EB2D6-C3EF-404F-87DD-F8F146DA8252}"
EndProject
Project("{FAE04EC0-301F-11D3-BF4B-00C04F79EFBC}") = "xmldiff.Core", "xmldiff.Core\xmldiff.Core.csproj", "{F302B987-E9A3-42CF-A1D7-7DB37EBFE8E2}"
EndProject
Project("{FAE04EC0-301F-11D3-BF4B-00C04F79EFBC}") = "xmldiff.UI", "xmldiff.UI\xmldiff.UI.csproj", "{DFA6FA95-9A58-439D-B55B-58827B5BA23E}"
EndProject
Project("{2150E333-8FDC-42A3-9474-1A3956D46DE8}") = "installer", "installer", "{1860D2E4-5C43-71D5-59A5-599A4DE1DF67}"
EndProject
Project("{930C7802-8A8C-48F9-8165-68863BCCD9DD}") = "xmlssort.Installer", "installer\xmlssort.Installer.wixproj", "{C6C74925-4C45-4289-8904-68C400875C19}"
EndProject
Global
	GlobalSection(SolutionConfigurationPlatforms) = preSolution
		Debug|Any CPU = Debug|Any CPU
		Debug|x64 = Debug|x64
		Debug|x86 = Debug|x86
		Release|Any CPU = Release|Any CPU
		Release|x64 = Release|x64
		Release|x86 = Release|x86
	EndGlobalSection
	GlobalSection(ProjectConfigurationPlatforms) = postSolution
		{B06504F9-47B7-4333-9FB3-23F57CE753F7}.Debug|Any CPU.ActiveCfg = Debug|Any CPU
		{B06504F9-47B7-4333-9FB3-23F57CE753F7}.Debug|Any CPU.Build.0 = Debug|Any CPU
		{B06504F9-47B7-4333-9FB3-23F57CE753F7}.Debug|x64.ActiveCfg = Debug|Any CPU
		{B06504F9-47B7-4333-9FB3-23F57CE753F7}.Debug|x64.Build.0 = Debug|Any CPU
		{B06504F9-47B7-4333-9FB3-23F57CE753F7}.Debug|x86.ActiveCfg = Debug|Any CPU
		{B06504F9-47B7-4333-9FB3-23F57CE753F7}.Debug|x86.Build.0 = Debug|Any CPU
		{B06504F9-47B7-4333-9FB3-23F57CE753F7}.Release|Any CPU.ActiveCfg = Release|Any CPU
		{B06504F9-47B7-4333-9FB3-23F57CE753F7}.Release|Any CPU.Build.0 = Release|Any CPU
		{B06504F9-47B7-4333-9FB3-23F57CE753F7}.Release|x64.ActiveCfg = Release|Any CPU
		{B06504F9-47B7-4333-9FB3-23F57CE753F7}.Release|x64.Build.0 = Release|Any CPU
		{B06504F9-47B7-4333-9FB3-23F57CE753F7}.Release|x86.ActiveCfg = Release|Any CPU
		{B06504F9-47B7-4333-9FB3-23F57CE753F7}.Release|x86.Build.0 = Release|Any CPU
		{55A36A2B-7D61-4DB8-95F4-C14C04AC2560}.Debug|Any CPU.ActiveCfg = Debug|Any CPU
		{55A36A2B-7D61-4DB8-95F4-C14C04AC2560}.Debug|Any CPU.Build.0 = Debug|Any CPU
		{55A36A2B-7D61-4DB8-95F4-C14C04AC2560}.Debug|x64.ActiveCfg = Debug|Any CPU
		{55A36A2B-7D61-4DB8-95F4-C14C04AC2560}.Debug|x64.Build.0 = Debug|Any CPU
		{55A36A2B-7D61-4DB8-95F4-C14C04AC2560}.Debug|x86.ActiveCfg = Debug|Any CPU
		{55A36A2B-7D61-4DB8-95F4-C14C04AC2560}.Debug|x86.Build.0 = Debug|Any CPU
		{55A36A2B-7D61-4DB8-95F4-C14C04AC2560}.Release|Any CPU.ActiveCfg = Release|Any CPU
		{55A36A2B-7D61-4DB8-95F4-C14C04AC2560}.Release|Any CPU.Build.0 = Release|Any CPU
		{55A36A2B-7D61-4DB8-95F4-C14C04AC2560}.Release|x64.ActiveCfg = Release|Any CPU
		{55A36A2B-7D61-4DB8-95F4-C14C04AC2560}.Release|x64.Build.0 = Release|Any CPU
		{55A36A2B-7D61-4DB8-95F4-C14C04AC2560}.Release|x86.ActiveCfg = Release|Any CPU
		{55A36A2B-7D61-4DB8-95F4-C14C04AC2560}.Release|x86.Build.0 = Release|Any CPU
		{DF178C98-7CF6-46EA-B727-D361AD4F3CC7}.Debug|Any CPU.ActiveCfg = Debug|Any CPU
		{DF178C98-7CF6-46EA-B727-D361AD4F3CC7}.Debug|Any CPU.Build.0 = Debug|Any CPU
		{DF178C98-7CF6-46EA-B727-D361AD4F3CC7}.Debug|x64.ActiveCfg = Debug|Any CPU
		{DF178C98-7CF6-46EA-B727-D361AD4F3CC7}.Debug|x64.Build.0 = Debug|Any CPU
		{DF178C98-7CF6-46EA-B727-D361AD4F3CC7}.Debug|x86.ActiveCfg = Debug|Any CPU
		{DF178C98-7CF6-46EA-B727-D361AD4F3CC7}.Debug|x86.Build.0 = Debug|Any CPU
		{DF178C98-7CF6-46EA-B727-D361AD4F3CC7}.Release|Any CPU.ActiveCfg = Release|Any CPU
		{DF178C98-7CF6-46EA-B727-D361AD4F3CC7}.Release|Any CPU.Build.0 = Release|Any CPU
		{DF178C98-7CF6-46EA-B727-D361AD4F3CC7}.Release|x64.ActiveCfg = Release|Any CPU
		{DF178C98-7CF6-46EA-B727-D361AD4F3CC7}.Release|x64.Build.0 = Release|Any CPU
		{DF178C98-7CF6-46EA-B727-D361AD4F3CC7}.Release|x86.ActiveCfg = Release|Any CPU
		{DF178C98-7CF6-46EA-B727-D361AD4F3CC7}.Release|x86.Build.0 = Release|Any CPU
		{49AC57B9-B42D-42A2-8518-F715D98D3B62}.Debug|Any CPU.ActiveCfg = Debug|Any CPU
		{49AC57B9-B42D-42A2-8518-F715D98D3B62}.Debug|Any CPU.Build.0 = Debug|Any CPU
		{49AC57B9-B42D-42A2-8518-F715D98D3B62}.Debug|x64.ActiveCfg = Debug|Any CPU
		{49AC57B9-B42D-42A2-8518-F715D98D3B62}.Debug|x64.Build.0 = Debug|Any CPU
		{49AC57B9-B42D-42A2-8518-F715D98D3B62}.Debug|x86.ActiveCfg = Debug|Any CPU
		{49AC57B9-B42D-42A2-8518-F715D98D3B62}.Debug|x86.Build.0 = Debug|Any CPU
		{49AC57B9-B42D-42A2-8518-F715D98D3B62}.Release|Any CPU.ActiveCfg = Release|Any CPU
		{49AC57B9-B42D-42A2-8518-F715D98D3B62}.Release|Any CPU.Build.0 = Release|Any CPU
		{49AC57B9-B42D-42A2-8518-F715D98D3B62}.Release|x64.ActiveCfg = Release|Any CPU
		{49AC57B9-B42D-42A2-8518-F715D98D3B62}.Release|x64.Build.0 = Release|Any CPU
		{49AC57B9-B42D-42A2-8518-F715D98D3B62}.Release|x86.ActiveCfg = Release|Any CPU
		{49AC57B9-B42D-42A2-8518-F715D98D3B62}.Release|x86.Build.0 = Release|Any CPU
		{DE5EB2D6-C3EF-404F-87DD-F8F146DA8252}.Debug|Any CPU.ActiveCfg = Debug|Any CPU
		{DE5EB2D6-C3EF-404F-87DD-F8F146DA8252}.Debug|Any CPU.Build.0 = Debug|Any CPU
		{DE5EB2D6-C3EF-404F-87DD-F8F146DA8252}.Debug|x64.ActiveCfg = Debug|Any CPU
		{DE5EB2D6-C3EF-404F-87DD-F8F146DA8252}.Debug|x64.Build.0 = Debug|Any CPU
		{DE5EB2D6-C3EF-404F-87DD-F8F146DA8252}.Debug|x86.ActiveCfg = Debug|Any CPU
		{DE5EB2D6-C3EF-404F-87DD-F8F146DA8252}.Debug|x86.Build.0 = Debug|Any CPU
		{DE5EB2D6-C3EF-404F-87DD-F8F146DA8252}.Release|Any CPU.ActiveCfg = Release|Any CPU
		{DE5EB2D6-C3EF-404F-87DD-F8F146DA8252}.Release|Any CPU.Build.0 = Release|Any CPU
		{DE5EB2D6-C3EF-404F-87DD-F8F146DA8252}.Release|x64.ActiveCfg = Release|Any CPU
		{DE5EB2D6-C3EF-404F-87DD-F8F146DA8252}.Release|x64.Build.0 = Release|Any CPU
		{DE5EB2D6-C3EF-404F-87DD-F8F146DA8252}.Release|x86.ActiveCfg = Release|Any CPU
		{DE5EB2D6-C3EF-404F-87DD-F8F146DA8252}.Release|x86.Build.0 = Release|Any CPU
		{F302B987-E9A3-42CF-A1D7-7DB37EBFE8E2}.Debug|Any CPU.ActiveCfg = Debug|Any CPU
		{F302B987-E9A3-42CF-A1D7-7DB37EBFE8E2}.Debug|Any CPU.Build.0 = Debug|Any CPU
		{F302B987-E9A3-42CF-A1D7-7DB37EBFE8E2}.Debug|x64.ActiveCfg = Debug|Any CPU
		{F302B987-E9A3-42CF-A1D7-7DB37EBFE8E2}.Debug|x64.Build.0 = Debug|Any CPU
		{F302B987-E9A3-42CF-A1D7-7DB37EBFE8E2}.Debug|x86.ActiveCfg = Debug|Any CPU
		{F302B987-E9A3-42CF-A1D7-7DB37EBFE8E2}.Debug|x86.Build.0 = Debug|Any CPU
		{F302B987-E9A3-42CF-A1D7-7DB37EBFE8E2}.Release|Any CPU.ActiveCfg = Release|Any CPU
		{F302B987-E9A3-42CF-A1D7-7DB37EBFE8E2}.Release|Any CPU.Build.0 = Release|Any CPU
		{F302B987-E9A3-42CF-A1D7-7DB37EBFE8E2}.Release|x64.ActiveCfg = Release|Any CPU
		{F302B987-E9A3-42CF-A1D7-7DB37EBFE8E2}.Release|x64.Build.0 = Release|Any CPU
		{F302B987-E9A3-42CF-A1D7-7DB37EBFE8E2}.Release|x86.ActiveCfg = Release|Any CPU
		{F302B987-E9A3-42CF-A1D7-7DB37EBFE8E2}.Release|x86.Build.0 = Release|Any CPU
		{DFA6FA95-9A58-439D-B55B-58827B5BA23E}.Debug|Any CPU.ActiveCfg = Debug|Any CPU
		{DFA6FA95-9A58-439D-B55B-58827B5BA23E}.Debug|Any CPU.Build.0 = Debug|Any CPU
		{DFA6FA95-9A58-439D-B55B-58827B5BA23E}.Debug|x64.ActiveCfg = Debug|Any CPU
		{DFA6FA95-9A58-439D-B55B-58827B5BA23E}.Debug|x64.Build.0 = Debug|Any CPU
		{DFA6FA95-9A58-439D-B55B-58827B5BA23E}.Debug|x86.ActiveCfg = Debug|Any CPU
		{DFA6FA95-9A58-439D-B55B-58827B5BA23E}.Debug|x86.Build.0 = Debug|Any CPU
		{DFA6FA95-9A58-439D-B55B-58827B5BA23E}.Release|Any CPU.ActiveCfg = Release|Any CPU
		{DFA6FA95-9A58-439D-B55B-58827B5BA23E}.Release|Any CPU.Build.0 = Release|Any CPU
		{DFA6FA95-9A58-439D-B55B-58827B5BA23E}.Release|x64.ActiveCfg = Release|Any CPU
		{DFA6FA95-9A58-439D-B55B-58827B5BA23E}.Release|x64.Build.0 = Release|Any CPU
		{DFA6FA95-9A58-439D-B55B-58827B5BA23E}.Release|x86.ActiveCfg = Release|Any CPU
		{DFA6FA95-9A58-439D-B55B-58827B5BA23E}.Release|x86.Build.0 = Release|Any CPU
		{C6C74925-4C45-4289-8904-68C400875C19}.Debug|Any CPU.ActiveCfg = Debug|Any CPU
		{C6C74925-4C45-4289-8904-68C400875C19}.Debug|x64.ActiveCfg = Debug|Any CPU
		{C6C74925-4C45-4289-8904-68C400875C19}.Debug|x86.ActiveCfg = Debug|Any CPU
		{C6C74925-4C45-4289-8904-68C400875C19}.Release|Any CPU.ActiveCfg = Release|Any CPU
		{C6C74925-4C45-4289-8904-68C400875C19}.Release|x64.ActiveCfg = Release|Any CPU
		{C6C74925-4C45-4289-8904-68C400875C19}.Release|x86.ActiveCfg = Release|Any CPU
	EndGlobalSection
	GlobalSection(SolutionProperties) = preSolution
		HideSolutionNode = FALSE
	EndGlobalSection
	GlobalSection(NestedProjects) = preSolution
		{C6C74925-4C45-4289-8904-68C400875C19} = {1860D2E4-5C43-71D5-59A5-599A4DE1DF67}
	EndGlobalSection
EndGlobal
